{
    "_meta": {
        "hash": {
            "sha256": "75e538915ce33e74af1320ea93176e8c2acc578d5a887de444e70d450c5ff211"
        },
        "pipfile-spec": 6,
        "requires": {
            "python_version": "3.11"
        },
        "sources": [
            {
                "name": "pypi",
                "url": "https://pypi.org/simple",
                "verify_ssl": true
            }
        ]
    },
    "default": {
        "pysimplegui": {
            "hashes": [
                "sha256:e133fbd21779f0f125cebbc2a4e1f5a931a383738661013ff33ad525d5611eda",
                "sha256:f88c82c301a51aea35be605dc060bcceb0dcb6682e16280544884701ab4b23ba"
            ],
            "index": "pypi",
            "version": "==4.60.4"
        }
    },
    "develop": {}
}
